
Microsoft Visual Studio Solution File, Format Version 12.00
# Visual Studio Version 17
VisualStudioVersion = 17.0.31903.59
MinimumVisualStudioVersion = 10.0.40219.1
Project("{2150E333-8FDC-42A3-9474-1A3956D46DE8}") = "src", "src", "{B94DF8CB-445C-4AF8-AA11-B7F53F23B2EA}"
EndProject
Project("{2150E333-8FDC-42A3-9474-1A3956D46DE8}") = "ApiVersioning", "ApiVersioning", "{1D7C4FCE-F27F-4343-B1BA-5C266E7D4C83}"
EndProject
Project("{FAE04EC0-301F-11D3-BF4B-00C04F79EFBC}") = "Morwinyon.ApiVersioning", "src\ApiVersioning\Morwinyon.ApiVersioning\Morwinyon.ApiVersioning.csproj", "{A06DC12B-B885-4672-AB9E-1A7148EB9A8A}"
EndProject
Global
	GlobalSection(SolutionConfigurationPlatforms) = preSolution
		Debug|Any CPU = Debug|Any CPU
		Release|Any CPU = Release|Any CPU
	EndGlobalSection
	GlobalSection(ProjectConfigurationPlatforms) = postSolution
		{A06DC12B-B885-4672-AB9E-1A7148EB9A8A}.Debug|Any CPU.ActiveCfg = Debug|Any CPU
		{A06DC12B-B885-4672-AB9E-1A7148EB9A8A}.Debug|Any CPU.Build.0 = Debug|Any CPU
		{A06DC12B-B885-4672-AB9E-1A7148EB9A8A}.Release|Any CPU.ActiveCfg = Release|Any CPU
		{A06DC12B-B885-4672-AB9E-1A7148EB9A8A}.Release|Any CPU.Build.0 = Release|Any CPU
	EndGlobalSection
	GlobalSection(SolutionProperties) = preSolution
		HideSolutionNode = FALSE
	EndGlobalSection
	GlobalSection(NestedProjects) = preSolution
		{1D7C4FCE-F27F-4343-B1BA-5C266E7D4C83} = {B94DF8CB-445C-4AF8-AA11-B7F53F23B2EA}
		{A06DC12B-B885-4672-AB9E-1A7148EB9A8A} = {1D7C4FCE-F27F-4343-B1BA-5C266E7D4C83}
	EndGlobalSection
EndGlobal
